
Microsoft Visual Studio Solution File, Format Version 12.00
# Visual Studio 15
VisualStudioVersion = 15.0.28307.271
MinimumVisualStudioVersion = 10.0.40219.1
Project("{FAE04EC0-301F-11D3-BF4B-00C04F79EFBC}") = "Almost Chess Lab5", "Almost Chess Lab5\Almost Chess Lab5.csproj", "{AF73D0A7-0339-4CC5-9C30-43F59D2A2AC4}"
EndProject
Global
	GlobalSection(SolutionConfigurationPlatforms) = preSolution
		Debug|Any CPU = Debug|Any CPU
		Release|Any CPU = Release|Any CPU
	EndGlobalSection
	GlobalSection(ProjectConfigurationPlatforms) = postSolution
		{AF73D0A7-0339-4CC5-9C30-43F59D2A2AC4}.Debug|Any CPU.ActiveCfg = Debug|Any CPU
		{AF73D0A7-0339-4CC5-9C30-43F59D2A2AC4}.Debug|Any CPU.Build.0 = Debug|Any CPU
		{AF73D0A7-0339-4CC5-9C30-43F59D2A2AC4}.Release|Any CPU.ActiveCfg = Release|Any CPU
		{AF73D0A7-0339-4CC5-9C30-43F59D2A2AC4}.Release|Any CPU.Build.0 = Release|Any CPU
	EndGlobalSection
	GlobalSection(SolutionProperties) = preSolution
		HideSolutionNode = FALSE
	EndGlobalSection
	GlobalSection(ExtensibilityGlobals) = postSolution
		SolutionGuid = {06C0820E-4D4E-4472-A19B-D16CA4B77666}
	EndGlobalSection
EndGlobal
