
Microsoft Visual Studio Solution File, Format Version 12.00
# Visual Studio 15
VisualStudioVersion = 15.0.28307.271
MinimumVisualStudioVersion = 10.0.40219.1
Project("{FAE04EC0-301F-11D3-BF4B-00C04F79EFBC}") = "Lab3", "Lab3\Lab3.csproj", "{2FB2CC32-0246-4E30-86CD-AC0B12D0C84A}"
EndProject
Global
	GlobalSection(SolutionConfigurationPlatforms) = preSolution
		Debug|Any CPU = Debug|Any CPU
		Release|Any CPU = Release|Any CPU
	EndGlobalSection
	GlobalSection(ProjectConfigurationPlatforms) = postSolution
		{2FB2CC32-0246-4E30-86CD-AC0B12D0C84A}.Debug|Any CPU.ActiveCfg = Debug|Any CPU
		{2FB2CC32-0246-4E30-86CD-AC0B12D0C84A}.Debug|Any CPU.Build.0 = Debug|Any CPU
		{2FB2CC32-0246-4E30-86CD-AC0B12D0C84A}.Release|Any CPU.ActiveCfg = Release|Any CPU
		{2FB2CC32-0246-4E30-86CD-AC0B12D0C84A}.Release|Any CPU.Build.0 = Release|Any CPU
	EndGlobalSection
	GlobalSection(SolutionProperties) = preSolution
		HideSolutionNode = FALSE
	EndGlobalSection
	GlobalSection(ExtensibilityGlobals) = postSolution
		SolutionGuid = {04FE080A-FA50-42E9-806C-13F73FA08D9C}
	EndGlobalSection
EndGlobal
